
Microsoft Visual Studio Solution File, Format Version 12.00
# Visual Studio Version 17
VisualStudioVersion = 17.0.31903.59
MinimumVisualStudioVersion = 10.0.40219.1
Project("{2150E333-8FDC-42A3-9474-1A3956D46DE8}") = "src", "src", "{E6991A99-CFBD-43F6-817F-B8E4205E56A6}"
EndProject
Project("{FAE04EC0-301F-11D3-BF4B-00C04F79EFBC}") = "SmartLog.Web", "src\SmartLog.Web\SmartLog.Web.csproj", "{E21761B2-0300-4C9F-9EE9-703526E5D6A2}"
EndProject
Global
	GlobalSection(SolutionConfigurationPlatforms) = preSolution
		Debug|Any CPU = Debug|Any CPU
		Release|Any CPU = Release|Any CPU
	EndGlobalSection
	GlobalSection(SolutionProperties) = preSolution
		HideSolutionNode = FALSE
	EndGlobalSection
	GlobalSection(ProjectConfigurationPlatforms) = postSolution
		{E21761B2-0300-4C9F-9EE9-703526E5D6A2}.Debug|Any CPU.ActiveCfg = Debug|Any CPU
		{E21761B2-0300-4C9F-9EE9-703526E5D6A2}.Debug|Any CPU.Build.0 = Debug|Any CPU
		{E21761B2-0300-4C9F-9EE9-703526E5D6A2}.Release|Any CPU.ActiveCfg = Release|Any CPU
		{E21761B2-0300-4C9F-9EE9-703526E5D6A2}.Release|Any CPU.Build.0 = Release|Any CPU
	EndGlobalSection
	GlobalSection(NestedProjects) = preSolution
		{E21761B2-0300-4C9F-9EE9-703526E5D6A2} = {E6991A99-CFBD-43F6-817F-B8E4205E56A6}
	EndGlobalSection
EndGlobal
